
Microsoft Visual Studio Solution File, Format Version 12.00
# Visual Studio Version 17
VisualStudioVersion = 17.0.31903.59
MinimumVisualStudioVersion = 10.0.40219.1
Project("{2150E333-8FDC-42A3-9474-1A3956D46DE8}") = "src", "src", "{827E0CD3-B72D-47B6-A68D-7590B98EB39B}"
EndProject
Project("{FAE04EC0-301F-11D3-BF4B-00C04F79EFBC}") = "EdeboCsvProcessor.Domain", "src\EdeboCsvProcessor.Domain\EdeboCsvProcessor.Domain.csproj", "{11E4AE6F-67B1-41F1-BB4A-08AB412BAC27}"
EndProject
Project("{FAE04EC0-301F-11D3-BF4B-00C04F79EFBC}") = "EdeboCsvProcessor.Application", "src\EdeboCsvProcessor.Application\EdeboCsvProcessor.Application.csproj", "{7DB426DA-86E8-4E87-ADD2-16E1DA9B35A0}"
EndProject
Project("{FAE04EC0-301F-11D3-BF4B-00C04F79EFBC}") = "EdeboCsvProcessor.Infrastructure", "src\EdeboCsvProcessor.Infrastructure\EdeboCsvProcessor.Infrastructure.csproj", "{9E40CA16-1135-4915-A21D-9902477C5AB6}"
EndProject
Project("{FAE04EC0-301F-11D3-BF4B-00C04F79EFBC}") = "EdeboCsvProcessor.Console", "src\EdeboCsvProcessor.Console\EdeboCsvProcessor.Console.csproj", "{C97D8A22-100F-428F-88C0-1326270B6409}"
EndProject
Project("{2150E333-8FDC-42A3-9474-1A3956D46DE8}") = "tests", "tests", "{0AB3BF05-4346-4AA6-1389-037BE0695223}"
EndProject
Project("{FAE04EC0-301F-11D3-BF4B-00C04F79EFBC}") = "EdeboCsvProcessor.Domain.Tests", "tests\EdeboCsvProcessor.Domain.Tests\EdeboCsvProcessor.Domain.Tests.csproj", "{48A1A6FC-7269-4C04-8508-10DB8A84351C}"
EndProject
Project("{FAE04EC0-301F-11D3-BF4B-00C04F79EFBC}") = "EdeboCsvProcessor.Application.Tests", "tests\EdeboCsvProcessor.Application.Tests\EdeboCsvProcessor.Application.Tests.csproj", "{1CF949FA-6BE0-4E00-8F64-D8B0867E7650}"
EndProject
Project("{FAE04EC0-301F-11D3-BF4B-00C04F79EFBC}") = "EdeboCsvProcessor.Integration.Tests", "tests\EdeboCsvProcessor.Integration.Tests\EdeboCsvProcessor.Integration.Tests.csproj", "{F6ABB7C3-EB72-4341-A347-6527B5EFAA38}"
EndProject
Project("{FAE04EC0-301F-11D3-BF4B-00C04F79EFBC}") = "EdeboCsvProcessor.Wpf", "src\EdeboCsvProcessor.Wpf\EdeboCsvProcessor.Wpf.csproj", "{E5C0E2F0-AB85-4751-83CF-497E98E65DF6}"
EndProject
Global
	GlobalSection(SolutionConfigurationPlatforms) = preSolution
		Debug|Any CPU = Debug|Any CPU
		Debug|x64 = Debug|x64
		Debug|x86 = Debug|x86
		Release|Any CPU = Release|Any CPU
		Release|x64 = Release|x64
		Release|x86 = Release|x86
	EndGlobalSection
	GlobalSection(ProjectConfigurationPlatforms) = postSolution
		{11E4AE6F-67B1-41F1-BB4A-08AB412BAC27}.Debug|Any CPU.ActiveCfg = Debug|Any CPU
		{11E4AE6F-67B1-41F1-BB4A-08AB412BAC27}.Debug|Any CPU.Build.0 = Debug|Any CPU
		{11E4AE6F-67B1-41F1-BB4A-08AB412BAC27}.Debug|x64.ActiveCfg = Debug|Any CPU
		{11E4AE6F-67B1-41F1-BB4A-08AB412BAC27}.Debug|x64.Build.0 = Debug|Any CPU
		{11E4AE6F-67B1-41F1-BB4A-08AB412BAC27}.Debug|x86.ActiveCfg = Debug|Any CPU
		{11E4AE6F-67B1-41F1-BB4A-08AB412BAC27}.Debug|x86.Build.0 = Debug|Any CPU
		{11E4AE6F-67B1-41F1-BB4A-08AB412BAC27}.Release|Any CPU.ActiveCfg = Release|Any CPU
		{11E4AE6F-67B1-41F1-BB4A-08AB412BAC27}.Release|Any CPU.Build.0 = Release|Any CPU
		{11E4AE6F-67B1-41F1-BB4A-08AB412BAC27}.Release|x64.ActiveCfg = Release|Any CPU
		{11E4AE6F-67B1-41F1-BB4A-08AB412BAC27}.Release|x64.Build.0 = Release|Any CPU
		{11E4AE6F-67B1-41F1-BB4A-08AB412BAC27}.Release|x86.ActiveCfg = Release|Any CPU
		{11E4AE6F-67B1-41F1-BB4A-08AB412BAC27}.Release|x86.Build.0 = Release|Any CPU
		{7DB426DA-86E8-4E87-ADD2-16E1DA9B35A0}.Debug|Any CPU.ActiveCfg = Debug|Any CPU
		{7DB426DA-86E8-4E87-ADD2-16E1DA9B35A0}.Debug|Any CPU.Build.0 = Debug|Any CPU
		{7DB426DA-86E8-4E87-ADD2-16E1DA9B35A0}.Debug|x64.ActiveCfg = Debug|Any CPU
		{7DB426DA-86E8-4E87-ADD2-16E1DA9B35A0}.Debug|x64.Build.0 = Debug|Any CPU
		{7DB426DA-86E8-4E87-ADD2-16E1DA9B35A0}.Debug|x86.ActiveCfg = Debug|Any CPU
		{7DB426DA-86E8-4E87-ADD2-16E1DA9B35A0}.Debug|x86.Build.0 = Debug|Any CPU
		{7DB426DA-86E8-4E87-ADD2-16E1DA9B35A0}.Release|Any CPU.ActiveCfg = Release|Any CPU
		{7DB426DA-86E8-4E87-ADD2-16E1DA9B35A0}.Release|Any CPU.Build.0 = Release|Any CPU
		{7DB426DA-86E8-4E87-ADD2-16E1DA9B35A0}.Release|x64.ActiveCfg = Release|Any CPU
		{7DB426DA-86E8-4E87-ADD2-16E1DA9B35A0}.Release|x64.Build.0 = Release|Any CPU
		{7DB426DA-86E8-4E87-ADD2-16E1DA9B35A0}.Release|x86.ActiveCfg = Release|Any CPU
		{7DB426DA-86E8-4E87-ADD2-16E1DA9B35A0}.Release|x86.Build.0 = Release|Any CPU
		{9E40CA16-1135-4915-A21D-9902477C5AB6}.Debug|Any CPU.ActiveCfg = Debug|Any CPU
		{9E40CA16-1135-4915-A21D-9902477C5AB6}.Debug|Any CPU.Build.0 = Debug|Any CPU
		{9E40CA16-1135-4915-A21D-9902477C5AB6}.Debug|x64.ActiveCfg = Debug|Any CPU
		{9E40CA16-1135-4915-A21D-9902477C5AB6}.Debug|x64.Build.0 = Debug|Any CPU
		{9E40CA16-1135-4915-A21D-9902477C5AB6}.Debug|x86.ActiveCfg = Debug|Any CPU
		{9E40CA16-1135-4915-A21D-9902477C5AB6}.Debug|x86.Build.0 = Debug|Any CPU
		{9E40CA16-1135-4915-A21D-9902477C5AB6}.Release|Any CPU.ActiveCfg = Release|Any CPU
		{9E40CA16-1135-4915-A21D-9902477C5AB6}.Release|Any CPU.Build.0 = Release|Any CPU
		{9E40CA16-1135-4915-A21D-9902477C5AB6}.Release|x64.ActiveCfg = Release|Any CPU
		{9E40CA16-1135-4915-A21D-9902477C5AB6}.Release|x64.Build.0 = Release|Any CPU
		{9E40CA16-1135-4915-A21D-9902477C5AB6}.Release|x86.ActiveCfg = Release|Any CPU
		{9E40CA16-1135-4915-A21D-9902477C5AB6}.Release|x86.Build.0 = Release|Any CPU
		{C97D8A22-100F-428F-88C0-1326270B6409}.Debug|Any CPU.ActiveCfg = Debug|Any CPU
		{C97D8A22-100F-428F-88C0-1326270B6409}.Debug|Any CPU.Build.0 = Debug|Any CPU
		{C97D8A22-100F-428F-88C0-1326270B6409}.Debug|x64.ActiveCfg = Debug|Any CPU
		{C97D8A22-100F-428F-88C0-1326270B6409}.Debug|x64.Build.0 = Debug|Any CPU
		{C97D8A22-100F-428F-88C0-1326270B6409}.Debug|x86.ActiveCfg = Debug|Any CPU
		{C97D8A22-100F-428F-88C0-1326270B6409}.Debug|x86.Build.0 = Debug|Any CPU
		{C97D8A22-100F-428F-88C0-1326270B6409}.Release|Any CPU.ActiveCfg = Release|Any CPU
		{C97D8A22-100F-428F-88C0-1326270B6409}.Release|Any CPU.Build.0 = Release|Any CPU
		{C97D8A22-100F-428F-88C0-1326270B6409}.Release|x64.ActiveCfg = Release|Any CPU
		{C97D8A22-100F-428F-88C0-1326270B6409}.Release|x64.Build.0 = Release|Any CPU
		{C97D8A22-100F-428F-88C0-1326270B6409}.Release|x86.ActiveCfg = Release|Any CPU
		{C97D8A22-100F-428F-88C0-1326270B6409}.Release|x86.Build.0 = Release|Any CPU
		{48A1A6FC-7269-4C04-8508-10DB8A84351C}.Debug|Any CPU.ActiveCfg = Debug|Any CPU
		{48A1A6FC-7269-4C04-8508-10DB8A84351C}.Debug|Any CPU.Build.0 = Debug|Any CPU
		{48A1A6FC-7269-4C04-8508-10DB8A84351C}.Debug|x64.ActiveCfg = Debug|Any CPU
		{48A1A6FC-7269-4C04-8508-10DB8A84351C}.Debug|x64.Build.0 = Debug|Any CPU
		{48A1A6FC-7269-4C04-8508-10DB8A84351C}.Debug|x86.ActiveCfg = Debug|Any CPU
		{48A1A6FC-7269-4C04-8508-10DB8A84351C}.Debug|x86.Build.0 = Debug|Any CPU
		{48A1A6FC-7269-4C04-8508-10DB8A84351C}.Release|Any CPU.ActiveCfg = Release|Any CPU
		{48A1A6FC-7269-4C04-8508-10DB8A84351C}.Release|Any CPU.Build.0 = Release|Any CPU
		{48A1A6FC-7269-4C04-8508-10DB8A84351C}.Release|x64.ActiveCfg = Release|Any CPU
		{48A1A6FC-7269-4C04-8508-10DB8A84351C}.Release|x64.Build.0 = Release|Any CPU
		{48A1A6FC-7269-4C04-8508-10DB8A84351C}.Release|x86.ActiveCfg = Release|Any CPU
		{48A1A6FC-7269-4C04-8508-10DB8A84351C}.Release|x86.Build.0 = Release|Any CPU
		{1CF949FA-6BE0-4E00-8F64-D8B0867E7650}.Debug|Any CPU.ActiveCfg = Debug|Any CPU
		{1CF949FA-6BE0-4E00-8F64-D8B0867E7650}.Debug|Any CPU.Build.0 = Debug|Any CPU
		{1CF949FA-6BE0-4E00-8F64-D8B0867E7650}.Debug|x64.ActiveCfg = Debug|Any CPU
		{1CF949FA-6BE0-4E00-8F64-D8B0867E7650}.Debug|x64.Build.0 = Debug|Any CPU
		{1CF949FA-6BE0-4E00-8F64-D8B0867E7650}.Debug|x86.ActiveCfg = Debug|Any CPU
		{1CF949FA-6BE0-4E00-8F64-D8B0867E7650}.Debug|x86.Build.0 = Debug|Any CPU
		{1CF949FA-6BE0-4E00-8F64-D8B0867E7650}.Release|Any CPU.ActiveCfg = Release|Any CPU
		{1CF949FA-6BE0-4E00-8F64-D8B0867E7650}.Release|Any CPU.Build.0 = Release|Any CPU
		{1CF949FA-6BE0-4E00-8F64-D8B0867E7650}.Release|x64.ActiveCfg = Release|Any CPU
		{1CF949FA-6BE0-4E00-8F64-D8B0867E7650}.Release|x64.Build.0 = Release|Any CPU
		{1CF949FA-6BE0-4E00-8F64-D8B0867E7650}.Release|x86.ActiveCfg = Release|Any CPU
		{1CF949FA-6BE0-4E00-8F64-D8B0867E7650}.Release|x86.Build.0 = Release|Any CPU
		{F6ABB7C3-EB72-4341-A347-6527B5EFAA38}.Debug|Any CPU.ActiveCfg = Debug|Any CPU
		{F6ABB7C3-EB72-4341-A347-6527B5EFAA38}.Debug|Any CPU.Build.0 = Debug|Any CPU
		{F6ABB7C3-EB72-4341-A347-6527B5EFAA38}.Debug|x64.ActiveCfg = Debug|Any CPU
		{F6ABB7C3-EB72-4341-A347-6527B5EFAA38}.Debug|x64.Build.0 = Debug|Any CPU
		{F6ABB7C3-EB72-4341-A347-6527B5EFAA38}.Debug|x86.ActiveCfg = Debug|Any CPU
		{F6ABB7C3-EB72-4341-A347-6527B5EFAA38}.Debug|x86.Build.0 = Debug|Any CPU
		{F6ABB7C3-EB72-4341-A347-6527B5EFAA38}.Release|Any CPU.ActiveCfg = Release|Any CPU
		{F6ABB7C3-EB72-4341-A347-6527B5EFAA38}.Release|Any CPU.Build.0 = Release|Any CPU
		{F6ABB7C3-EB72-4341-A347-6527B5EFAA38}.Release|x64.ActiveCfg = Release|Any CPU
		{F6ABB7C3-EB72-4341-A347-6527B5EFAA38}.Release|x64.Build.0 = Release|Any CPU
		{F6ABB7C3-EB72-4341-A347-6527B5EFAA38}.Release|x86.ActiveCfg = Release|Any CPU
		{F6ABB7C3-EB72-4341-A347-6527B5EFAA38}.Release|x86.Build.0 = Release|Any CPU
		{E5C0E2F0-AB85-4751-83CF-497E98E65DF6}.Debug|Any CPU.ActiveCfg = Debug|Any CPU
		{E5C0E2F0-AB85-4751-83CF-497E98E65DF6}.Debug|Any CPU.Build.0 = Debug|Any CPU
		{E5C0E2F0-AB85-4751-83CF-497E98E65DF6}.Debug|x64.ActiveCfg = Debug|Any CPU
		{E5C0E2F0-AB85-4751-83CF-497E98E65DF6}.Debug|x64.Build.0 = Debug|Any CPU
		{E5C0E2F0-AB85-4751-83CF-497E98E65DF6}.Debug|x86.ActiveCfg = Debug|Any CPU
		{E5C0E2F0-AB85-4751-83CF-497E98E65DF6}.Debug|x86.Build.0 = Debug|Any CPU
		{E5C0E2F0-AB85-4751-83CF-497E98E65DF6}.Release|Any CPU.ActiveCfg = Release|Any CPU
		{E5C0E2F0-AB85-4751-83CF-497E98E65DF6}.Release|Any CPU.Build.0 = Release|Any CPU
		{E5C0E2F0-AB85-4751-83CF-497E98E65DF6}.Release|x64.ActiveCfg = Release|Any CPU
		{E5C0E2F0-AB85-4751-83CF-497E98E65DF6}.Release|x64.Build.0 = Release|Any CPU
		{E5C0E2F0-AB85-4751-83CF-497E98E65DF6}.Release|x86.ActiveCfg = Release|Any CPU
		{E5C0E2F0-AB85-4751-83CF-497E98E65DF6}.Release|x86.Build.0 = Release|Any CPU
	EndGlobalSection
	GlobalSection(SolutionProperties) = preSolution
		HideSolutionNode = FALSE
	EndGlobalSection
	GlobalSection(NestedProjects) = preSolution
		{11E4AE6F-67B1-41F1-BB4A-08AB412BAC27} = {827E0CD3-B72D-47B6-A68D-7590B98EB39B}
		{7DB426DA-86E8-4E87-ADD2-16E1DA9B35A0} = {827E0CD3-B72D-47B6-A68D-7590B98EB39B}
		{9E40CA16-1135-4915-A21D-9902477C5AB6} = {827E0CD3-B72D-47B6-A68D-7590B98EB39B}
		{C97D8A22-100F-428F-88C0-1326270B6409} = {827E0CD3-B72D-47B6-A68D-7590B98EB39B}
		{48A1A6FC-7269-4C04-8508-10DB8A84351C} = {0AB3BF05-4346-4AA6-1389-037BE0695223}
		{1CF949FA-6BE0-4E00-8F64-D8B0867E7650} = {0AB3BF05-4346-4AA6-1389-037BE0695223}
		{F6ABB7C3-EB72-4341-A347-6527B5EFAA38} = {0AB3BF05-4346-4AA6-1389-037BE0695223}
		{E5C0E2F0-AB85-4751-83CF-497E98E65DF6} = {827E0CD3-B72D-47B6-A68D-7590B98EB39B}
	EndGlobalSection
EndGlobal
